
Microsoft Visual Studio Solution File, Format Version 12.00
# Visual Studio 15
VisualStudioVersion = 15.0.28010.2036
MinimumVisualStudioVersion = 10.0.40219.1
Project("{FAE04EC0-301F-11D3-BF4B-00C04F79EFBC}") = "SocialLacasa", "SocialLacasa\SocialLacasa.csproj", "{9795B45D-C498-45EC-926B-15CA86DF586D}"
EndProject
Global
	GlobalSection(SolutionConfigurationPlatforms) = preSolution
		Debug|Any CPU = Debug|Any CPU
		Release|Any CPU = Release|Any CPU
	EndGlobalSection
	GlobalSection(ProjectConfigurationPlatforms) = postSolution
		{9795B45D-C498-45EC-926B-15CA86DF586D}.Debug|Any CPU.ActiveCfg = Debug|Any CPU
		{9795B45D-C498-45EC-926B-15CA86DF586D}.Debug|Any CPU.Build.0 = Debug|Any CPU
		{9795B45D-C498-45EC-926B-15CA86DF586D}.Release|Any CPU.ActiveCfg = Release|Any CPU
		{9795B45D-C498-45EC-926B-15CA86DF586D}.Release|Any CPU.Build.0 = Release|Any CPU
	EndGlobalSection
	GlobalSection(SolutionProperties) = preSolution
		HideSolutionNode = FALSE
	EndGlobalSection
	GlobalSection(ExtensibilityGlobals) = postSolution
		SolutionGuid = {D14E622A-EDFD-49B8-818D-B78FB371CD66}
	EndGlobalSection
EndGlobal
